// !$*UTF8*$!
{
	archiveVersion = 1;
	classes = {
	};
	objectVersion = 46;
	objects = {

/* Begin PBXBuildFile section */
		794FCEEB1EACB1510062F2E1 /* AppDelegate.swift in Sources */ = {isa = PBXBuildFile; fileRef = 794FCEEA1EACB1510062F2E1 /* AppDelegate.swift */; };
		794FCEED1EACB1510062F2E1 /* RecordSoundsViewController.swift in Sources */ = {isa = PBXBuildFile; fileRef = 794FCEEC1EACB1510062F2E1 /* RecordSoundsViewController.swift */; };
		794FCEF01EACB1510062F2E1 /* Main.storyboard in Resources */ = {isa = PBXBuildFile; fileRef = 794FCEEE1EACB1510062F2E1 /* Main.storyboard */; };
		794FCEF21EACB1510062F2E1 /* Assets.xcassets in Resources */ = {isa = PBXBuildFile; fileRef = 794FCEF11EACB1510062F2E1 /* Assets.xcassets */; };
		794FCEF51EACB1510062F2E1 /* LaunchScreen.storyboard in Resources */ = {isa = PBXBuildFile; fileRef = 794FCEF31EACB1510062F2E1 /* LaunchScreen.storyboard */; };
		79872E831EAD5EDF005A2B2C /* PlaySoundsViewController.swift in Sources */ = {isa = PBXBuildFile; fileRef = 79872E821EAD5EDF005A2B2C /* PlaySoundsViewController.swift */; };
		79B8CB131EB0B04900AA7E34 /* playsoundsviewcontroller-audio.swift in Sources */ = {isa = PBXBuildFile; fileRef = 79B8CB121EB0B04900AA7E34 /* playsoundsviewcontroller-audio.swift */; };
/* End PBXBuildFile section */

/* Begin PBXFileReference section */
		794FCEE71EACB1510062F2E1 /* PitchPerfect.app */ = {isa = PBXFileReference; explicitFileType = wrapper.application; includeInIndex = 0; path = PitchPerfect.app; sourceTree = BUILT_PRODUCTS_DIR; };
		794FCEEA1EACB1510062F2E1 /* AppDelegate.swift */ = {isa = PBXFileReference; lastKnownFileType = sourcecode.swift; path = AppDelegate.swift; sourceTree = "<group>"; };
		794FCEEC1EACB1510062F2E1 /* RecordSoundsViewController.swift */ = {isa = PBXFileReference; lastKnownFileType = sourcecode.swift; path = RecordSoundsViewController.swift; sourceTree = "<group>"; };
		794FCEEF1EACB1510062F2E1 /* Base */ = {isa = PBXFileReference; lastKnownFileType = file.storyboard; name = Base; path = Base.lproj/Main.storyboard; sourceTree = "<group>"; };
		794FCEF11EACB1510062F2E1 /* Assets.xcassets */ = {isa = PBXFileReference; lastKnownFileType = folder.assetcatalog; path = Assets.xcassets; sourceTree = "<group>"; };
		794FCEF41EACB1510062F2E1 /* Base */ = {isa = PBXFileReference; lastKnownFileType = file.storyboard; name = Base; path = Base.lproj/LaunchScreen.storyboard; sourceTree = "<group>"; };
		794FCEF61EACB1510062F2E1 /* Info.plist */ = {isa = PBXFileReference; lastKnownFileType = text.plist.xml; path = Info.plist; sourceTree = "<group>"; };
		79872E821EAD5EDF005A2B2C /* PlaySoundsViewController.swift */ = {isa = PBXFileReference; fileEncoding = 4; lastKnownFileType = sourcecode.swift; path = PlaySoundsViewController.swift; sourceTree = "<group>"; };
		79B8CB121EB0B04900AA7E34 /* playsoundsviewcontroller-audio.swift */ = {isa = PBXFileReference; fileEncoding = 4; lastKnownFileType = sourcecode.swift; path = "playsoundsviewcontroller-audio.swift"; sourceTree = "<group>"; };
/* End PBXFileReference section */

/* Begin PBXFrameworksBuildPhase section */
		794FCEE41EACB1510062F2E1 /* Frameworks */ = {
			isa = PBXFrameworksBuildPhase;
			buildActionMask = 2147483647;
			files = (
			);
			runOnlyForDeploymentPostprocessing = 0;
		};
/* End PBXFrameworksBuildPhase section */

/* Begin PBXGroup section */
		794FCEDE1EACB1510062F2E1 = {
			isa = PBXGroup;
			children = (
				794FCEE91EACB1510062F2E1 /* PitchPerfect */,
				794FCEE81EACB1510062F2E1 /* Products */,
			);
			sourceTree = "<group>";
		};
		794FCEE81EACB1510062F2E1 /* Products */ = {
			isa = PBXGroup;
			children = (
				794FCEE71EACB1510062F2E1 /* PitchPerfect.app */,
			);
			name = Products;
			sourceTree = "<group>";
		};
		794FCEE91EACB1510062F2E1 /* PitchPerfect */ = {
			isa = PBXGroup;
			children = (
				79B8CB121EB0B04900AA7E34 /* playsoundsviewcontroller-audio.swift */,
				794FCEEA1EACB1510062F2E1 /* AppDelegate.swift */,
				794FCEEC1EACB1510062F2E1 /* RecordSoundsViewController.swift */,
				794FCEEE1EACB1510062F2E1 /* Main.storyboard */,
				794FCEF11EACB1510062F2E1 /* Assets.xcassets */,
				794FCEF31EACB1510062F2E1 /* LaunchScreen.storyboard */,
				794FCEF61EACB1510062F2E1 /* Info.plist */,
				79872E821EAD5EDF005A2B2C /* PlaySoundsViewController.swift */,
			);
			path = PitchPerfect;
			sourceTree = "<group>";
		};
/* End PBXGroup section */

/* Begin PBXNativeTarget section */
		794FCEE61EACB1510062F2E1 /* PitchPerfect */ = {
			isa = PBXNativeTarget;
			buildConfigurationList = 794FCEF91EACB1510062F2E1 /* Build configuration list for PBXNativeTarget "PitchPerfect" */;
			buildPhases = (
				794FCEE31EACB1510062F2E1 /* Sources */,
				794FCEE41EACB1510062F2E1 /* Frameworks */,
				794FCEE51EACB1510062F2E1 /* Resources */,
			);
			buildRules = (
			);
			dependencies = (
			);
			name = PitchPerfect;
			productName = PitchPerfect;
			productReference = 794FCEE71EACB1510062F2E1 /* PitchPerfect.app */;
			productType = "com.apple.product-type.application";
		};
/* End PBXNativeTarget section */

/* Begin PBXProject section */
		794FCEDF1EACB1510062F2E1 /* Project object */ = {
			isa = PBXProject;
			attributes = {
				LastSwiftUpdateCheck = 0830;
				LastUpgradeCheck = 0830;
				ORGANIZATIONNAME = RukiaSoft;
				TargetAttributes = {
					794FCEE61EACB1510062F2E1 = {
						CreatedOnToolsVersion = 8.3.2;
						ProvisioningStyle = Automatic;
					};
				};
			};
			buildConfigurationList = 794FCEE21EACB1510062F2E1 /* Build configuration list for PBXProject "PitchPerfect" */;
			compatibilityVersion = "Xcode 3.2";
			developmentRegion = English;
			hasScannedForEncodings = 0;
			knownRegions = (
				en,
				Base,
			);
			mainGroup = 794FCEDE1EACB1510062F2E1;
			productRefGroup = 794FCEE81EACB1510062F2E1 /* Products */;
			projectDirPath = "";
			projectRoot = "";
			targets = (
				794FCEE61EACB1510062F2E1 /* PitchPerfect */,
			);
		};
/* End PBXProject section */

/* Begin PBXResourcesBuildPhase section */
		794FCEE51EACB1510062F2E1 /* Resources */ = {
			isa = PBXResourcesBuildPhase;
			buildActionMask = 2147483647;
			files = (
				794FCEF51EACB1510062F2E1 /* LaunchScreen.storyboard in Resources */,
				794FCEF21EACB1510062F2E1 /* Assets.xcassets in Resources */,
				794FCEF01EACB1510062F2E1 /* Main.storyboard in Resources */,
			);
			runOnlyForDeploymentPostprocessing = 0;
		};
/* End PBXResourcesBuildPhase section */

/* Begin PBXSourcesBuildPhase section */
		794FCEE31EACB1510062F2E1 /* Sources */ = {
			isa = PBXSourcesBuildPhase;
			buildActionMask = 2147483647;
			files = (
				794FCEED1EACB1510062F2E1 /* RecordSoundsViewController.swift in Sources */,
				79872E831EAD5EDF005A2B2C /* PlaySoundsViewController.swift in Sources */,
				794FCEEB1EACB1510062F2E1 /* AppDelegate.swift in Sources */,
				79B8CB131EB0B04900AA7E34 /* playsoundsviewcontroller-audio.swift in Sources */,
			);
			runOnlyForDeploymentPostprocessing = 0;
		};
/* End PBXSourcesBuildPhase section */

/* Begin PBXVariantGroup section */
		794FCEEE1EACB1510062F2E1 /* Main.storyboard */ = {
			isa = PBXVariantGroup;
			children = (
				794FCEEF1EACB1510062F2E1 /* Base */,
			);
			name = Main.storyboard;
			sourceTree = "<group>";
		};
		794FCEF31EACB1510062F2E1 /* LaunchScreen.storyboard */ = {
			isa = PBXVariantGroup;
			children = (
				794FCEF41EACB1510062F2E1 /* Base */,
			);
			name = LaunchScreen.storyboard;
			sourceTree = "<group>";
		};
/* End PBXVariantGroup section */

/* Begin XCBuildConfiguration section */
		794FCEF71EACB1510062F2E1 /* Debug */ = {
			isa = XCBuildConfiguration;
			buildSettings = {
				ALWAYS_SEARCH_USER_PATHS = NO;
				CLANG_ANALYZER_NONNULL = YES;
				CLANG_ANALYZER_NUMBER_OBJECT_CONVERSION = YES_AGGRESSIVE;
				CLANG_CXX_LANGUAGE_STANDARD = "gnu++0x";
				CLANG_CXX_LIBRARY = "libc++";
				CLANG_ENABLE_MODULES = YES;
				CLANG_ENABLE_OBJC_ARC = YES;
				CLANG_WARN_BOOL_CONVERSION = YES;
				CLANG_WARN_CONSTANT_CONVERSION = YES;
				CLANG_WARN_DIRECT_OBJC_ISA_USAGE = YES_ERROR;
				CLANG_WARN_DOCUMENTATION_COMMENTS = YES;
				CLANG_WARN_EMPTY_BODY = YES;
				CLANG_WARN_ENUM_CONVERSION = YES;
				CLANG_WARN_INFINITE_RECURSION = YES;
				CLANG_WARN_INT_CONVERSION = YES;
				CLANG_WARN_OBJC_ROOT_CLASS = YES_ERROR;
				CLANG_WARN_SUSPICIOUS_MOVE = YES;
				CLANG_WARN_UNREACHABLE_CODE = YES;
				CLANG_WARN__DUPLICATE_METHOD_MATCH = YES;
				"CODE_SIGN_IDENTITY[sdk=iphoneos*]" = "iPhone Developer";
				COPY_PHASE_STRIP = NO;
				DEBUG_INFORMATION_FORMAT = dwarf;
				ENABLE_STRICT_OBJC_MSGSEND = YES;
				ENABLE_TESTABILITY = YES;
				GCC_C_LANGUAGE_STANDARD = gnu99;
				GCC_DYNAMIC_NO_PIC = NO;
				GCC_NO_COMMON_BLOCKS = YES;
				GCC_OPTIMIZATION_LEVEL = 0;
				GCC_PREPROCESSOR_DEFINITIONS = (
					"DEBUG=1",
					"$(inherited)",
				);
				GCC_WARN_64_TO_32_BIT_CONVERSION = YES;
				GCC_WARN_ABOUT_RETURN_TYPE = YES_ERROR;
				GCC_WARN_UNDECLARED_SELECTOR = YES;
				GCC_WARN_UNINITIALIZED_AUTOS = YES_AGGRESSIVE;
				GCC_WARN_UNUSED_FUNCTION = YES;
				GCC_WARN_UNUSED_VARIABLE = YES;
				IPHONEOS_DEPLOYMENT_TARGET = 10.3;
				MTL_ENABLE_DEBUG_INFO = YES;
				ONLY_ACTIVE_ARCH = YES;
				SDKROOT = iphoneos;
				SWIFT_ACTIVE_COMPILATION_CONDITIONS = DEBUG;
				SWIFT_OPTIMIZATION_LEVEL = "-Onone";
				TARGETED_DEVICE_FAMILY = "1,2";
			};
			name = Debug;
		};
		794FCEF81EACB1510062F2E1 /* Release */ = {
			isa = XCBuildConfiguration;
			buildSettings = {
				ALWAYS_SEARCH_USER_PATHS = NO;
				CLANG_ANALYZER_NONNULL = YES;
				CLANG_ANALYZER_NUMBER_OBJECT_CONVERSION = YES_AGGRESSIVE;
				CLANG_CXX_LANGUAGE_STANDARD = "gnu++0x";
				CLANG_CXX_LIBRARY = "libc++";
				CLANG_ENABLE_MODULES = YES;
				CLANG_ENABLE_OBJC_ARC = YES;
				CLANG_WARN_BOOL_CONVERSION = YES;
				CLANG_WARN_CONSTANT_CONVERSION = YES;
				CLANG_WARN_DIRECT_OBJC_ISA_USAGE = YES_ERROR;
				CLANG_WARN_DOCUMENTATION_COMMENTS = YES;
				CLANG_WARN_EMPTY_BODY = YES;
				CLANG_WARN_ENUM_CONVERSION = YES;
				CLANG_WARN_INFINITE_RECURSION = YES;
				CLANG_WARN_INT_CONVERSION = YES;
				CLANG_WARN_OBJC_ROOT_CLASS = YES_ERROR;
				CLANG_WARN_SUSPICIOUS_MOVE = YES;
				CLANG_WARN_UNREACHABLE_CODE = YES;
				CLANG_WARN__DUPLICATE_METHOD_MATCH = YES;
				"CODE_SIGN_IDENTITY[sdk=iphoneos*]" = "iPhone Developer";
				COPY_PHASE_STRIP = NO;
				DEBUG_INFORMATION_FORMAT = "dwarf-with-dsym";
				ENABLE_NS_ASSERTIONS = NO;
				ENABLE_STRICT_OBJC_MSGSEND = YES;
				GCC_C_LANGUAGE_STANDARD = gnu99;
				GCC_NO_COMMON_BLOCKS = YES;
				GCC_WARN_64_TO_32_BIT_CONVERSION = YES;
				GCC_WARN_ABOUT_RETURN_TYPE = YES_ERROR;
				GCC_WARN_UNDECLARED_SELECTOR = YES;
				GCC_WARN_UNINITIALIZED_AUTOS = YES_AGGRESSIVE;
				GCC_WARN_UNUSED_FUNCTION = YES;
				GCC_WARN_UNUSED_VARIABLE = YES;
				IPHONEOS_DEPLOYMENT_TARGET = 10.3;
				MTL_ENABLE_DEBUG_INFO = NO;
				SDKROOT = iphoneos;
				SWIFT_OPTIMIZATION_LEVEL = "-Owholemodule";
				TARGETED_DEVICE_FAMILY = "1,2";
				VALIDATE_PRODUCT = YES;
			};
			name = Release;
		};
		794FCEFA1EACB1510062F2E1 /* Debug */ = {
			isa = XCBuildConfiguration;
			buildSettings = {
				ASSETCATALOG_COMPILER_APPICON_NAME = AppIcon;
				INFOPLIST_FILE = PitchPerfect/Info.plist;
				LD_RUNPATH_SEARCH_PATHS = "$(inherited) @executable_path/Frameworks";
				PRODUCT_BUNDLE_IDENTIFIER = com.rukiasoft.PitchPerfect;
				PRODUCT_NAME = "$(TARGET_NAME)";
				SWIFT_VERSION = 3.0;
			};
			name = Debug;
		};
		794FCEFB1EACB1510062F2E1 /* Release */ = {
			isa = XCBuildConfiguration;
			buildSettings = {
				ASSETCATALOG_COMPILER_APPICON_NAME = AppIcon;
				INFOPLIST_FILE = PitchPerfect/Info.plist;
				LD_RUNPATH_SEARCH_PATHS = "$(inherited) @executable_path/Frameworks";
				PRODUCT_BUNDLE_IDENTIFIER = com.rukiasoft.PitchPerfect;
				PRODUCT_NAME = "$(TARGET_NAME)";
				SWIFT_VERSION = 3.0;
			};
			name = Release;
		};
/* End XCBuildConfiguration section */

/* Begin XCConfigurationList section */
		794FCEE21EACB1510062F2E1 /* Build configuration list for PBXProject "PitchPerfect" */ = {
			isa = XCConfigurationList;
			buildConfigurations = (
				794FCEF71EACB1510062F2E1 /* Debug */,
				794FCEF81EACB1510062F2E1 /* Release */,
			);
			defaultConfigurationIsVisible = 0;
			defaultConfigurationName = Release;
		};
		794FCEF91EACB1510062F2E1 /* Build configuration list for PBXNativeTarget "PitchPerfect" */ = {
			isa = XCConfigurationList;
			buildConfigurations = (
				794FCEFA1EACB1510062F2E1 /* Debug */,
				794FCEFB1EACB1510062F2E1 /* Release */,
			);
			defaultConfigurationIsVisible = 0;
			defaultConfigurationName = Release;
		};
/* End XCConfigurationList section */
	};
	rootObject = 794FCEDF1EACB1510062F2E1 /* Project object */;
}
